
Microsoft Visual Studio Solution File, Format Version 11.00
# Visual Studio 2010
Project("{FAE04EC0-301F-11D3-BF4B-00C04F79EFBC}") = "ehc", "ehc\ehc.csproj", "{4167C194-6606-484C-ADFC-99F455632029}"
EndProject
Project("{FAE04EC0-301F-11D3-BF4B-00C04F79EFBC}") = "Eddie.Compiler", "Eddie.Compiler\Eddie.Compiler.csproj", "{AA54FBEA-AFF0-4B2A-9D57-B5343C5DB1DD}"
EndProject
Project("{FAE04EC0-301F-11D3-BF4B-00C04F79EFBC}") = "Eddie.Runtime", "Eddie.Runtime\Eddie.Runtime.csproj", "{43768414-99B0-4AAE-80AF-9DBD7984F6FC}"
EndProject
Global
	GlobalSection(SolutionConfigurationPlatforms) = preSolution
		Debug|Any CPU = Debug|Any CPU
		Debug|Mixed Platforms = Debug|Mixed Platforms
		Debug|x86 = Debug|x86
		Release|Any CPU = Release|Any CPU
		Release|Mixed Platforms = Release|Mixed Platforms
		Release|x86 = Release|x86
	EndGlobalSection
	GlobalSection(ProjectConfigurationPlatforms) = postSolution
		{4167C194-6606-484C-ADFC-99F455632029}.Debug|Any CPU.ActiveCfg = Debug|x86
		{4167C194-6606-484C-ADFC-99F455632029}.Debug|Mixed Platforms.ActiveCfg = Debug|x86
		{4167C194-6606-484C-ADFC-99F455632029}.Debug|Mixed Platforms.Build.0 = Debug|x86
		{4167C194-6606-484C-ADFC-99F455632029}.Debug|x86.ActiveCfg = Debug|x86
		{4167C194-6606-484C-ADFC-99F455632029}.Debug|x86.Build.0 = Debug|x86
		{4167C194-6606-484C-ADFC-99F455632029}.Release|Any CPU.ActiveCfg = Release|x86
		{4167C194-6606-484C-ADFC-99F455632029}.Release|Mixed Platforms.ActiveCfg = Release|x86
		{4167C194-6606-484C-ADFC-99F455632029}.Release|Mixed Platforms.Build.0 = Release|x86
		{4167C194-6606-484C-ADFC-99F455632029}.Release|x86.ActiveCfg = Release|x86
		{4167C194-6606-484C-ADFC-99F455632029}.Release|x86.Build.0 = Release|x86
		{AA54FBEA-AFF0-4B2A-9D57-B5343C5DB1DD}.Debug|Any CPU.ActiveCfg = Debug|Any CPU
		{AA54FBEA-AFF0-4B2A-9D57-B5343C5DB1DD}.Debug|Any CPU.Build.0 = Debug|Any CPU
		{AA54FBEA-AFF0-4B2A-9D57-B5343C5DB1DD}.Debug|Mixed Platforms.ActiveCfg = Debug|Any CPU
		{AA54FBEA-AFF0-4B2A-9D57-B5343C5DB1DD}.Debug|Mixed Platforms.Build.0 = Debug|Any CPU
		{AA54FBEA-AFF0-4B2A-9D57-B5343C5DB1DD}.Debug|x86.ActiveCfg = Debug|Any CPU
		{AA54FBEA-AFF0-4B2A-9D57-B5343C5DB1DD}.Release|Any CPU.ActiveCfg = Release|Any CPU
		{AA54FBEA-AFF0-4B2A-9D57-B5343C5DB1DD}.Release|Any CPU.Build.0 = Release|Any CPU
		{AA54FBEA-AFF0-4B2A-9D57-B5343C5DB1DD}.Release|Mixed Platforms.ActiveCfg = Release|Any CPU
		{AA54FBEA-AFF0-4B2A-9D57-B5343C5DB1DD}.Release|Mixed Platforms.Build.0 = Release|Any CPU
		{AA54FBEA-AFF0-4B2A-9D57-B5343C5DB1DD}.Release|x86.ActiveCfg = Release|Any CPU
		{43768414-99B0-4AAE-80AF-9DBD7984F6FC}.Debug|Any CPU.ActiveCfg = Debug|Any CPU
		{43768414-99B0-4AAE-80AF-9DBD7984F6FC}.Debug|Any CPU.Build.0 = Debug|Any CPU
		{43768414-99B0-4AAE-80AF-9DBD7984F6FC}.Debug|Mixed Platforms.ActiveCfg = Debug|Any CPU
		{43768414-99B0-4AAE-80AF-9DBD7984F6FC}.Debug|Mixed Platforms.Build.0 = Debug|Any CPU
		{43768414-99B0-4AAE-80AF-9DBD7984F6FC}.Debug|x86.ActiveCfg = Debug|Any CPU
		{43768414-99B0-4AAE-80AF-9DBD7984F6FC}.Release|Any CPU.ActiveCfg = Release|Any CPU
		{43768414-99B0-4AAE-80AF-9DBD7984F6FC}.Release|Any CPU.Build.0 = Release|Any CPU
		{43768414-99B0-4AAE-80AF-9DBD7984F6FC}.Release|Mixed Platforms.ActiveCfg = Release|Any CPU
		{43768414-99B0-4AAE-80AF-9DBD7984F6FC}.Release|Mixed Platforms.Build.0 = Release|Any CPU
		{43768414-99B0-4AAE-80AF-9DBD7984F6FC}.Release|x86.ActiveCfg = Release|Any CPU
	EndGlobalSection
	GlobalSection(SolutionProperties) = preSolution
		HideSolutionNode = FALSE
	EndGlobalSection
EndGlobal
